
Microsoft Visual Studio Solution File, Format Version 12.00
# Visual Studio Version 17
VisualStudioVersion = 17.4.33205.214
MinimumVisualStudioVersion = 10.0.40219.1
Project("{9A19103F-16F7-4668-BE54-9A1E7A4F7556}") = "EFCore6Examples.DatabaseFirst", "EFCore6Examples.DatabaseFirst\EFCore6Examples.DatabaseFirst.csproj", "{F21CB0D1-7A12-4975-9205-0BF37BFFD07E}"
EndProject
Project("{FAE04EC0-301F-11D3-BF4B-00C04F79EFBC}") = "EFCore6Examples.DatabaseFirstWithScaffold", "EFCore6Examples.DatabaseFirstWithScaffold\EFCore6Examples.DatabaseFirstWithScaffold.csproj", "{6C888FC1-1765-4C61-B908-58DF1DC6477B}"
EndProject
Project("{FAE04EC0-301F-11D3-BF4B-00C04F79EFBC}") = "EFCore6Examples.CodeFirst", "EFCore6Examples.CodeFirst\EFCore6Examples.CodeFirst.csproj", "{EF6CC0DF-69A2-479C-8E88-6EE6AE629468}"
EndProject
Global
	GlobalSection(SolutionConfigurationPlatforms) = preSolution
		Debug|Any CPU = Debug|Any CPU
		Release|Any CPU = Release|Any CPU
	EndGlobalSection
	GlobalSection(ProjectConfigurationPlatforms) = postSolution
		{F21CB0D1-7A12-4975-9205-0BF37BFFD07E}.Debug|Any CPU.ActiveCfg = Debug|Any CPU
		{F21CB0D1-7A12-4975-9205-0BF37BFFD07E}.Debug|Any CPU.Build.0 = Debug|Any CPU
		{F21CB0D1-7A12-4975-9205-0BF37BFFD07E}.Release|Any CPU.ActiveCfg = Release|Any CPU
		{F21CB0D1-7A12-4975-9205-0BF37BFFD07E}.Release|Any CPU.Build.0 = Release|Any CPU
		{6C888FC1-1765-4C61-B908-58DF1DC6477B}.Debug|Any CPU.ActiveCfg = Debug|Any CPU
		{6C888FC1-1765-4C61-B908-58DF1DC6477B}.Debug|Any CPU.Build.0 = Debug|Any CPU
		{6C888FC1-1765-4C61-B908-58DF1DC6477B}.Release|Any CPU.ActiveCfg = Release|Any CPU
		{6C888FC1-1765-4C61-B908-58DF1DC6477B}.Release|Any CPU.Build.0 = Release|Any CPU
		{EF6CC0DF-69A2-479C-8E88-6EE6AE629468}.Debug|Any CPU.ActiveCfg = Debug|Any CPU
		{EF6CC0DF-69A2-479C-8E88-6EE6AE629468}.Debug|Any CPU.Build.0 = Debug|Any CPU
		{EF6CC0DF-69A2-479C-8E88-6EE6AE629468}.Release|Any CPU.ActiveCfg = Release|Any CPU
		{EF6CC0DF-69A2-479C-8E88-6EE6AE629468}.Release|Any CPU.Build.0 = Release|Any CPU
	EndGlobalSection
	GlobalSection(SolutionProperties) = preSolution
		HideSolutionNode = FALSE
	EndGlobalSection
	GlobalSection(ExtensibilityGlobals) = postSolution
		SolutionGuid = {72852D64-F24D-43DB-A259-B0D5EF695024}
	EndGlobalSection
EndGlobal
